
Microsoft Visual Studio Solution File, Format Version 12.00
#
Project("{FAE04EC0-301F-11D3-BF4B-00C04F79EFBC}") = "ExpenseManager", "ExpenseManager\ExpenseManager.csproj", "{51F86398-10D6-4A66-9394-7568CC2B7A9C}"
EndProject
Project("{9A19103F-16F7-4668-BE54-9A1E7A4F7556}") = "_build", "build\_build.csproj", "{6401E52A-69C7-4FEB-A40E-A15C04B3B666}"
EndProject
Project("{FAE04EC0-301F-11D3-BF4B-00C04F79EFBC}") = "ExpenseManager.Api.IntegrationTests", "ExpenseManager.Api.IntegrationTests\ExpenseManager.Api.IntegrationTests.csproj", "{6F0A4ED7-84B9-43AD-83DC-950909F31AC0}"
EndProject
Project("{FAE04EC0-301F-11D3-BF4B-00C04F79EFBC}") = "ExpenseManager.Api", "ExpenseManager.Api\ExpenseManager.Api.csproj", "{C44B4EFB-3AC8-4277-AA72-742A8D535A95}"
EndProject
Project("{FAE04EC0-301F-11D3-BF4B-00C04F79EFBC}") = "ExpenseManager.IntegrationTests", "ExpenseManager.IntegrationTests\ExpenseManager.IntegrationTests.csproj", "{8D394711-A390-435F-880B-91C4A2FA0585}"
EndProject
Project("{FAE04EC0-301F-11D3-BF4B-00C04F79EFBC}") = "ExpenseManager.Domain", "ExpenseManager.Domain\ExpenseManager.Domain.csproj", "{BCB2F359-7052-4CE4-A9B3-E38B8902CA48}"
EndProject
Project("{FAE04EC0-301F-11D3-BF4B-00C04F79EFBC}") = "ExpenseManager.LocalDevelopment", "ExpenseManager.LocalDevelopment\ExpenseManager.LocalDevelopment.csproj", "{55262201-C3F9-4953-89E9-D9172DC80952}"
EndProject
Project("{FAE04EC0-301F-11D3-BF4B-00C04F79EFBC}") = "AcceptanceTests", "ExpenseManager.AcceptanceTests\AcceptanceTests.csproj", "{ECBA9AE3-682E-40AC-A7F7-625ACE89C4BE}"
EndProject
Project("{2150E333-8FDC-42A3-9474-1A3956D46DE8}") = "tests", "tests", "{5F7E8268-1FE5-44AF-9831-0B40FAEC564B}"
EndProject
Project("{2150E333-8FDC-42A3-9474-1A3956D46DE8}") = "SolutionFiles", "SolutionFiles", "{39896E0C-8961-420B-B510-AA962B22B43A}"
	ProjectSection(SolutionItems) = preProject
		.dockerignore = .dockerignore
		.gitignore = .gitignore
	EndProjectSection
EndProject
Project("{FAE04EC0-301F-11D3-BF4B-00C04F79EFBC}") = "ExpensesManager.DataAccess", "ExpensesManager.DataAccess\ExpensesManager.DataAccess.csproj", "{6D261FD7-DE48-438A-AF5A-221FED069E10}"
EndProject
Project("{FAE04EC0-301F-11D3-BF4B-00C04F79EFBC}") = "ExpenseManager.DataAccess.Tests", "ExpenseManager.DataAccess.Tests\ExpenseManager.DataAccess.Tests.csproj", "{07180985-F49A-4BB0-A803-DDE81DA6B181}"
EndProject
Project("{FAE04EC0-301F-11D3-BF4B-00C04F79EFBC}") = "ExpenseManager.DataAccess.Migrations", "ExpenseManager.DataAccess.Migrations\ExpenseManager.DataAccess.Migrations.csproj", "{FFB8C2D3-B4C3-40C7-81D7-797070C5926C}"
EndProject
Project("{FAE04EC0-301F-11D3-BF4B-00C04F79EFBC}") = "ExpenseManager.DiscoveryTests", "ExpenseManager.DiscoveryTests\ExpenseManager.DiscoveryTests.csproj", "{E8D3680F-F92C-49B1-B166-1E6EB50BEF1D}"
EndProject
Project("{FAE04EC0-301F-11D3-BF4B-00C04F79EFBC}") = "Client", "Client\Client.csproj", "{0CAA086B-838A-40FA-862B-F83B9B6FD633}"
EndProject
Project("{2150E333-8FDC-42A3-9474-1A3956D46DE8}") = "IdentityServer", "IdentityServer", "{B2AB1D83-9C16-4E6B-BE24-ACC6176A4425}"
EndProject
Project("{FAE04EC0-301F-11D3-BF4B-00C04F79EFBC}") = "IdentityServer", "IdentityServer\IdentityServer\IdentityServer.csproj", "{84B8AEBB-F47E-45C4-B7E1-6E57F93CA760}"
EndProject
Project("{FAE04EC0-301F-11D3-BF4B-00C04F79EFBC}") = "Api", "IdentityServer\Api\Api.csproj", "{C91EED9C-4A1F-43EF-AE95-A23DA44E1905}"
EndProject
Project("{FAE04EC0-301F-11D3-BF4B-00C04F79EFBC}") = "IdentityServer.Tests", "IdentityServer.Tests\IdentityServer.Tests.csproj", "{C10F8EA1-A7A2-4EB2-8E90-5FE20A92E68F}"
EndProject
Project("{FAE04EC0-301F-11D3-BF4B-00C04F79EFBC}") = "WebClient", "IdentityServer\WebClient\WebClient.csproj", "{9EF768F2-8028-4359-BA0F-23B3D08E43F4}"
EndProject
Global
	GlobalSection(SolutionConfigurationPlatforms) = preSolution
		Debug|Any CPU = Debug|Any CPU
		Release|Any CPU = Release|Any CPU
	EndGlobalSection
	GlobalSection(ProjectConfigurationPlatforms) = postSolution
		{6401E52A-69C7-4FEB-A40E-A15C04B3B666}.Debug|Any CPU.ActiveCfg = Debug|Any CPU
		{6401E52A-69C7-4FEB-A40E-A15C04B3B666}.Release|Any CPU.ActiveCfg = Release|Any CPU
		{51F86398-10D6-4A66-9394-7568CC2B7A9C}.Debug|Any CPU.ActiveCfg = Debug|Any CPU
		{51F86398-10D6-4A66-9394-7568CC2B7A9C}.Debug|Any CPU.Build.0 = Debug|Any CPU
		{51F86398-10D6-4A66-9394-7568CC2B7A9C}.Release|Any CPU.ActiveCfg = Release|Any CPU
		{51F86398-10D6-4A66-9394-7568CC2B7A9C}.Release|Any CPU.Build.0 = Release|Any CPU
		{6F0A4ED7-84B9-43AD-83DC-950909F31AC0}.Debug|Any CPU.ActiveCfg = Debug|Any CPU
		{6F0A4ED7-84B9-43AD-83DC-950909F31AC0}.Debug|Any CPU.Build.0 = Debug|Any CPU
		{6F0A4ED7-84B9-43AD-83DC-950909F31AC0}.Release|Any CPU.ActiveCfg = Release|Any CPU
		{6F0A4ED7-84B9-43AD-83DC-950909F31AC0}.Release|Any CPU.Build.0 = Release|Any CPU
		{C44B4EFB-3AC8-4277-AA72-742A8D535A95}.Debug|Any CPU.ActiveCfg = Debug|Any CPU
		{C44B4EFB-3AC8-4277-AA72-742A8D535A95}.Debug|Any CPU.Build.0 = Debug|Any CPU
		{C44B4EFB-3AC8-4277-AA72-742A8D535A95}.Release|Any CPU.ActiveCfg = Release|Any CPU
		{C44B4EFB-3AC8-4277-AA72-742A8D535A95}.Release|Any CPU.Build.0 = Release|Any CPU
		{8D394711-A390-435F-880B-91C4A2FA0585}.Debug|Any CPU.ActiveCfg = Debug|Any CPU
		{8D394711-A390-435F-880B-91C4A2FA0585}.Debug|Any CPU.Build.0 = Debug|Any CPU
		{8D394711-A390-435F-880B-91C4A2FA0585}.Release|Any CPU.ActiveCfg = Release|Any CPU
		{8D394711-A390-435F-880B-91C4A2FA0585}.Release|Any CPU.Build.0 = Release|Any CPU
		{BCB2F359-7052-4CE4-A9B3-E38B8902CA48}.Debug|Any CPU.ActiveCfg = Debug|Any CPU
		{BCB2F359-7052-4CE4-A9B3-E38B8902CA48}.Debug|Any CPU.Build.0 = Debug|Any CPU
		{BCB2F359-7052-4CE4-A9B3-E38B8902CA48}.Release|Any CPU.ActiveCfg = Release|Any CPU
		{BCB2F359-7052-4CE4-A9B3-E38B8902CA48}.Release|Any CPU.Build.0 = Release|Any CPU
		{55262201-C3F9-4953-89E9-D9172DC80952}.Debug|Any CPU.ActiveCfg = Debug|Any CPU
		{55262201-C3F9-4953-89E9-D9172DC80952}.Debug|Any CPU.Build.0 = Debug|Any CPU
		{55262201-C3F9-4953-89E9-D9172DC80952}.Release|Any CPU.ActiveCfg = Release|Any CPU
		{55262201-C3F9-4953-89E9-D9172DC80952}.Release|Any CPU.Build.0 = Release|Any CPU
		{ECBA9AE3-682E-40AC-A7F7-625ACE89C4BE}.Debug|Any CPU.ActiveCfg = Debug|Any CPU
		{ECBA9AE3-682E-40AC-A7F7-625ACE89C4BE}.Debug|Any CPU.Build.0 = Debug|Any CPU
		{ECBA9AE3-682E-40AC-A7F7-625ACE89C4BE}.Release|Any CPU.ActiveCfg = Release|Any CPU
		{ECBA9AE3-682E-40AC-A7F7-625ACE89C4BE}.Release|Any CPU.Build.0 = Release|Any CPU
		{6D261FD7-DE48-438A-AF5A-221FED069E10}.Debug|Any CPU.ActiveCfg = Debug|Any CPU
		{6D261FD7-DE48-438A-AF5A-221FED069E10}.Debug|Any CPU.Build.0 = Debug|Any CPU
		{6D261FD7-DE48-438A-AF5A-221FED069E10}.Release|Any CPU.ActiveCfg = Release|Any CPU
		{6D261FD7-DE48-438A-AF5A-221FED069E10}.Release|Any CPU.Build.0 = Release|Any CPU
		{07180985-F49A-4BB0-A803-DDE81DA6B181}.Debug|Any CPU.ActiveCfg = Debug|Any CPU
		{07180985-F49A-4BB0-A803-DDE81DA6B181}.Debug|Any CPU.Build.0 = Debug|Any CPU
		{07180985-F49A-4BB0-A803-DDE81DA6B181}.Release|Any CPU.ActiveCfg = Release|Any CPU
		{07180985-F49A-4BB0-A803-DDE81DA6B181}.Release|Any CPU.Build.0 = Release|Any CPU
		{FFB8C2D3-B4C3-40C7-81D7-797070C5926C}.Debug|Any CPU.ActiveCfg = Debug|Any CPU
		{FFB8C2D3-B4C3-40C7-81D7-797070C5926C}.Debug|Any CPU.Build.0 = Debug|Any CPU
		{FFB8C2D3-B4C3-40C7-81D7-797070C5926C}.Release|Any CPU.ActiveCfg = Release|Any CPU
		{FFB8C2D3-B4C3-40C7-81D7-797070C5926C}.Release|Any CPU.Build.0 = Release|Any CPU
		{E8D3680F-F92C-49B1-B166-1E6EB50BEF1D}.Debug|Any CPU.ActiveCfg = Debug|Any CPU
		{E8D3680F-F92C-49B1-B166-1E6EB50BEF1D}.Debug|Any CPU.Build.0 = Debug|Any CPU
		{E8D3680F-F92C-49B1-B166-1E6EB50BEF1D}.Release|Any CPU.ActiveCfg = Release|Any CPU
		{E8D3680F-F92C-49B1-B166-1E6EB50BEF1D}.Release|Any CPU.Build.0 = Release|Any CPU
		{0CAA086B-838A-40FA-862B-F83B9B6FD633}.Debug|Any CPU.ActiveCfg = Debug|Any CPU
		{0CAA086B-838A-40FA-862B-F83B9B6FD633}.Debug|Any CPU.Build.0 = Debug|Any CPU
		{0CAA086B-838A-40FA-862B-F83B9B6FD633}.Release|Any CPU.ActiveCfg = Release|Any CPU
		{0CAA086B-838A-40FA-862B-F83B9B6FD633}.Release|Any CPU.Build.0 = Release|Any CPU
		{84B8AEBB-F47E-45C4-B7E1-6E57F93CA760}.Debug|Any CPU.ActiveCfg = Debug|Any CPU
		{84B8AEBB-F47E-45C4-B7E1-6E57F93CA760}.Debug|Any CPU.Build.0 = Debug|Any CPU
		{84B8AEBB-F47E-45C4-B7E1-6E57F93CA760}.Release|Any CPU.ActiveCfg = Release|Any CPU
		{84B8AEBB-F47E-45C4-B7E1-6E57F93CA760}.Release|Any CPU.Build.0 = Release|Any CPU
		{C91EED9C-4A1F-43EF-AE95-A23DA44E1905}.Debug|Any CPU.ActiveCfg = Debug|Any CPU
		{C91EED9C-4A1F-43EF-AE95-A23DA44E1905}.Debug|Any CPU.Build.0 = Debug|Any CPU
		{C91EED9C-4A1F-43EF-AE95-A23DA44E1905}.Release|Any CPU.ActiveCfg = Release|Any CPU
		{C91EED9C-4A1F-43EF-AE95-A23DA44E1905}.Release|Any CPU.Build.0 = Release|Any CPU
		{C10F8EA1-A7A2-4EB2-8E90-5FE20A92E68F}.Debug|Any CPU.ActiveCfg = Debug|Any CPU
		{C10F8EA1-A7A2-4EB2-8E90-5FE20A92E68F}.Debug|Any CPU.Build.0 = Debug|Any CPU
		{C10F8EA1-A7A2-4EB2-8E90-5FE20A92E68F}.Release|Any CPU.ActiveCfg = Release|Any CPU
		{C10F8EA1-A7A2-4EB2-8E90-5FE20A92E68F}.Release|Any CPU.Build.0 = Release|Any CPU
		{9EF768F2-8028-4359-BA0F-23B3D08E43F4}.Debug|Any CPU.ActiveCfg = Debug|Any CPU
		{9EF768F2-8028-4359-BA0F-23B3D08E43F4}.Debug|Any CPU.Build.0 = Debug|Any CPU
		{9EF768F2-8028-4359-BA0F-23B3D08E43F4}.Release|Any CPU.ActiveCfg = Release|Any CPU
		{9EF768F2-8028-4359-BA0F-23B3D08E43F4}.Release|Any CPU.Build.0 = Release|Any CPU
	EndGlobalSection
	GlobalSection(NestedProjects) = preSolution
		{8D394711-A390-435F-880B-91C4A2FA0585} = {5F7E8268-1FE5-44AF-9831-0B40FAEC564B}
		{6F0A4ED7-84B9-43AD-83DC-950909F31AC0} = {5F7E8268-1FE5-44AF-9831-0B40FAEC564B}
		{ECBA9AE3-682E-40AC-A7F7-625ACE89C4BE} = {5F7E8268-1FE5-44AF-9831-0B40FAEC564B}
		{07180985-F49A-4BB0-A803-DDE81DA6B181} = {5F7E8268-1FE5-44AF-9831-0B40FAEC564B}
		{E8D3680F-F92C-49B1-B166-1E6EB50BEF1D} = {5F7E8268-1FE5-44AF-9831-0B40FAEC564B}
		{0CAA086B-838A-40FA-862B-F83B9B6FD633} = {B2AB1D83-9C16-4E6B-BE24-ACC6176A4425}
		{84B8AEBB-F47E-45C4-B7E1-6E57F93CA760} = {B2AB1D83-9C16-4E6B-BE24-ACC6176A4425}
		{C91EED9C-4A1F-43EF-AE95-A23DA44E1905} = {B2AB1D83-9C16-4E6B-BE24-ACC6176A4425}
		{C10F8EA1-A7A2-4EB2-8E90-5FE20A92E68F} = {B2AB1D83-9C16-4E6B-BE24-ACC6176A4425}
		{9EF768F2-8028-4359-BA0F-23B3D08E43F4} = {B2AB1D83-9C16-4E6B-BE24-ACC6176A4425}
	EndGlobalSection
EndGlobal
